
Microsoft Visual Studio Solution File, Format Version 12.00
# Visual Studio Version 17
VisualStudioVersion = 17.1.32210.238
MinimumVisualStudioVersion = 10.0.40219.1
Project("{8BC9CEB8-8B4A-11D0-8D11-00A0C91BC942}") = "AccountServer", "Source\AccountServer\AccountServer.vcxproj", "{82E78A2C-5867-400D-BAD1-58FC544B89DA}"
	ProjectSection(ProjectDependencies) = postProject
		{54317EE2-DF1F-4724-8A56-A1C838AC2DAF} = {54317EE2-DF1F-4724-8A56-A1C838AC2DAF}
		{9C104412-067E-4D84-983B-8B93862ADEB1} = {9C104412-067E-4D84-983B-8B93862ADEB1}
		{B4FA94CD-4FEC-416A-B786-5A38008FA994} = {B4FA94CD-4FEC-416A-B786-5A38008FA994}
		{DFF90750-9263-45E5-92EF-8D862550B4DF} = {DFF90750-9263-45E5-92EF-8D862550B4DF}
	EndProjectSection
EndProject
Project("{8BC9CEB8-8B4A-11D0-8D11-00A0C91BC942}") = "Client", "Source\Client\Client.vcxproj", "{3E60E91C-B7C9-4C4E-BA87-7E517FB48648}"
	ProjectSection(ProjectDependencies) = postProject
		{54317EE2-DF1F-4724-8A56-A1C838AC2DAF} = {54317EE2-DF1F-4724-8A56-A1C838AC2DAF}
		{8FA57A97-C51C-4578-87BF-CFE30239AF80} = {8FA57A97-C51C-4578-87BF-CFE30239AF80}
		{9C104412-067E-4D84-983B-8B93862ADEB1} = {9C104412-067E-4D84-983B-8B93862ADEB1}
		{9E4C0DAB-A22D-4432-A172-8D44FF3FE5BF} = {9E4C0DAB-A22D-4432-A172-8D44FF3FE5BF}
		{B4FA94CD-4FEC-416A-B786-5A38008FA994} = {B4FA94CD-4FEC-416A-B786-5A38008FA994}
		{CD4A3D97-A528-4C2E-93D6-FDB113A8EB8F} = {CD4A3D97-A528-4C2E-93D6-FDB113A8EB8F}
		{D1379A7D-1555-4AEF-A3FF-03C7008887F8} = {D1379A7D-1555-4AEF-A3FF-03C7008887F8}
		{DFF90750-9263-45E5-92EF-8D862550B4DF} = {DFF90750-9263-45E5-92EF-8D862550B4DF}
	EndProjectSection
EndProject
Project("{2150E333-8FDC-42A3-9474-1A3956D46DE8}") = "Game", "Game", "{DD405C06-CBAA-4C9B-9ECC-6CDF4C976E3E}"
EndProject
Project("{2150E333-8FDC-42A3-9474-1A3956D46DE8}") = "Common", "Common", "{50B23F93-1047-47F2-AF08-28DD8E84F8AE}"
EndProject
Project("{2150E333-8FDC-42A3-9474-1A3956D46DE8}") = "Server", "Server", "{F6BC3E8C-DB09-4067-BE92-C016B228515B}"
EndProject
Project("{8BC9CEB8-8B4A-11D0-8D11-00A0C91BC942}") = "AudioSDL", "Source\AudioSDL\AudioSDL.vcxproj", "{9E4C0DAB-A22D-4432-A172-8D44FF3FE5BF}"
EndProject
Project("{8BC9CEB8-8B4A-11D0-8D11-00A0C91BC942}") = "Common", "Source\Common\Common.vcxproj", "{9C104412-067E-4D84-983B-8B93862ADEB1}"
EndProject
Project("{8BC9CEB8-8B4A-11D0-8D11-00A0C91BC942}") = "Engine", "Source\Engine\Engine.vcxproj", "{8FA57A97-C51C-4578-87BF-CFE30239AF80}"
	ProjectSection(ProjectDependencies) = postProject
		{1DF700CA-253B-406C-9B9D-52D6C2935B42} = {1DF700CA-253B-406C-9B9D-52D6C2935B42}
		{54317EE2-DF1F-4724-8A56-A1C838AC2DAF} = {54317EE2-DF1F-4724-8A56-A1C838AC2DAF}
		{9AD19308-7666-4545-9798-6A7EE1FB6284} = {9AD19308-7666-4545-9798-6A7EE1FB6284}
		{9C104412-067E-4D84-983B-8B93862ADEB1} = {9C104412-067E-4D84-983B-8B93862ADEB1}
		{9E4C0DAB-A22D-4432-A172-8D44FF3FE5BF} = {9E4C0DAB-A22D-4432-A172-8D44FF3FE5BF}
		{B4FA94CD-4FEC-416A-B786-5A38008FA994} = {B4FA94CD-4FEC-416A-B786-5A38008FA994}
		{C5DC1DCB-5CF4-4774-98E3-30BB44295CB8} = {C5DC1DCB-5CF4-4774-98E3-30BB44295CB8}
		{CD4A3D97-A528-4C2E-93D6-FDB113A8EB8F} = {CD4A3D97-A528-4C2E-93D6-FDB113A8EB8F}
		{D1379A7D-1555-4AEF-A3FF-03C7008887F8} = {D1379A7D-1555-4AEF-A3FF-03C7008887F8}
		{DFF90750-9263-45E5-92EF-8D862550B4DF} = {DFF90750-9263-45E5-92EF-8D862550B4DF}
	EndProjectSection
EndProject
Project("{8BC9CEB8-8B4A-11D0-8D11-00A0C91BC942}") = "GameServer", "Source\GameServer\GameServer.vcxproj", "{AF9C713C-B518-4D35-8F8A-FAB49487FFD2}"
	ProjectSection(ProjectDependencies) = postProject
		{54317EE2-DF1F-4724-8A56-A1C838AC2DAF} = {54317EE2-DF1F-4724-8A56-A1C838AC2DAF}
		{9C104412-067E-4D84-983B-8B93862ADEB1} = {9C104412-067E-4D84-983B-8B93862ADEB1}
		{B4FA94CD-4FEC-416A-B786-5A38008FA994} = {B4FA94CD-4FEC-416A-B786-5A38008FA994}
		{D1379A7D-1555-4AEF-A3FF-03C7008887F8} = {D1379A7D-1555-4AEF-A3FF-03C7008887F8}
		{DFF90750-9263-45E5-92EF-8D862550B4DF} = {DFF90750-9263-45E5-92EF-8D862550B4DF}
	EndProjectSection
EndProject
Project("{8BC9CEB8-8B4A-11D0-8D11-00A0C91BC942}") = "GateServer", "Source\GateServer\GateServer.vcxproj", "{B1593748-4575-464C-B0F0-ABE00F0884E7}"
	ProjectSection(ProjectDependencies) = postProject
		{54317EE2-DF1F-4724-8A56-A1C838AC2DAF} = {54317EE2-DF1F-4724-8A56-A1C838AC2DAF}
		{9C104412-067E-4D84-983B-8B93862ADEB1} = {9C104412-067E-4D84-983B-8B93862ADEB1}
		{B4FA94CD-4FEC-416A-B786-5A38008FA994} = {B4FA94CD-4FEC-416A-B786-5A38008FA994}
		{DFF90750-9263-45E5-92EF-8D862550B4DF} = {DFF90750-9263-45E5-92EF-8D862550B4DF}
	EndProjectSection
EndProject
Project("{8BC9CEB8-8B4A-11D0-8D11-00A0C91BC942}") = "GroupServer", "Source\GroupServer\GroupServer.vcxproj", "{C894AC16-8C2E-4F9C-98CD-B2E59B629E91}"
	ProjectSection(ProjectDependencies) = postProject
		{54317EE2-DF1F-4724-8A56-A1C838AC2DAF} = {54317EE2-DF1F-4724-8A56-A1C838AC2DAF}
		{9C104412-067E-4D84-983B-8B93862ADEB1} = {9C104412-067E-4D84-983B-8B93862ADEB1}
		{B4FA94CD-4FEC-416A-B786-5A38008FA994} = {B4FA94CD-4FEC-416A-B786-5A38008FA994}
		{DFF90750-9263-45E5-92EF-8D862550B4DF} = {DFF90750-9263-45E5-92EF-8D862550B4DF}
	EndProjectSection
EndProject
Project("{8BC9CEB8-8B4A-11D0-8D11-00A0C91BC942}") = "ICUHelper", "Source\ICUHelper\ICUHelper.vcxproj", "{DFF90750-9263-45E5-92EF-8D862550B4DF}"
EndProject
Project("{8BC9CEB8-8B4A-11D0-8D11-00A0C91BC942}") = "LIBDBC", "Source\LIBDBC\LIBDBC.vcxproj", "{B4FA94CD-4FEC-416A-B786-5A38008FA994}"
EndProject
Project("{8BC9CEB8-8B4A-11D0-8D11-00A0C91BC942}") = "Utility", "Source\Utility\Utility.vcxproj", "{54317EE2-DF1F-4724-8A56-A1C838AC2DAF}"
EndProject
Project("{8BC9CEB8-8B4A-11D0-8D11-00A0C91BC942}") = "InfoNet", "Source\InfoNet\InfoNet.vcxproj", "{D1379A7D-1555-4AEF-A3FF-03C7008887F8}"
EndProject
Project("{8BC9CEB8-8B4A-11D0-8D11-00A0C91BC942}") = "Catch2Tests", "Source\Catch2Tests\Catch2Tests.vcxproj", "{6EA68937-23E8-4B3C-9FBC-78EAF38ED665}"
	ProjectSection(ProjectDependencies) = postProject
		{54317EE2-DF1F-4724-8A56-A1C838AC2DAF} = {54317EE2-DF1F-4724-8A56-A1C838AC2DAF}
		{9AD19308-7666-4545-9798-6A7EE1FB6284} = {9AD19308-7666-4545-9798-6A7EE1FB6284}
		{9C104412-067E-4D84-983B-8B93862ADEB1} = {9C104412-067E-4D84-983B-8B93862ADEB1}
		{9E4C0DAB-A22D-4432-A172-8D44FF3FE5BF} = {9E4C0DAB-A22D-4432-A172-8D44FF3FE5BF}
		{B4FA94CD-4FEC-416A-B786-5A38008FA994} = {B4FA94CD-4FEC-416A-B786-5A38008FA994}
		{C5DC1DCB-5CF4-4774-98E3-30BB44295CB8} = {C5DC1DCB-5CF4-4774-98E3-30BB44295CB8}
		{CD4A3D97-A528-4C2E-93D6-FDB113A8EB8F} = {CD4A3D97-A528-4C2E-93D6-FDB113A8EB8F}
		{D1379A7D-1555-4AEF-A3FF-03C7008887F8} = {D1379A7D-1555-4AEF-A3FF-03C7008887F8}
		{DFF90750-9263-45E5-92EF-8D862550B4DF} = {DFF90750-9263-45E5-92EF-8D862550B4DF}
	EndProjectSection
EndProject
Project("{2150E333-8FDC-42A3-9474-1A3956D46DE8}") = "Tools", "Tools", "{4711E8C2-12E7-42AA-B421-C3CA98C92727}"
EndProject
Project("{8BC9CEB8-8B4A-11D0-8D11-00A0C91BC942}") = "CaLua", "Source\CaLua\CaLua\CaLua.vcxproj", "{1DF700CA-253B-406C-9B9D-52D6C2935B42}"
EndProject
Project("{2150E333-8FDC-42A3-9474-1A3956D46DE8}") = "CaLua", "CaLua", "{8D3692F7-F593-4E3A-93D8-15CB371D5362}"
EndProject
Project("{8BC9CEB8-8B4A-11D0-8D11-00A0C91BC942}") = "lua50", "Source\CaLua\Lua\lua50.vcxproj", "{9AD19308-7666-4545-9798-6A7EE1FB6284}"
EndProject
Project("{8BC9CEB8-8B4A-11D0-8D11-00A0C91BC942}") = "lualib", "Source\CaLua\Lua\lualib.vcxproj", "{C5DC1DCB-5CF4-4774-98E3-30BB44295CB8}"
EndProject
Project("{8BC9CEB8-8B4A-11D0-8D11-00A0C91BC942}") = "EncLib", "Source\EncLib\EncLib.vcxproj", "{CD4A3D97-A528-4C2E-93D6-FDB113A8EB8F}"
EndProject
Project("{8BC9CEB8-8B4A-11D0-8D11-00A0C91BC942}") = "BareClient", "Source\BareClient\BareClient.vcxproj", "{09C0DF33-7D3E-4D84-8001-6E6565AB239E}"
EndProject
Global
	GlobalSection(SolutionConfigurationPlatforms) = preSolution
		Debug|x64 = Debug|x64
		Debug|x86 = Debug|x86
		Release|x64 = Release|x64
		Release|x86 = Release|x86
		Static Library|x64 = Static Library|x64
		Static Library|x86 = Static Library|x86
	EndGlobalSection
	GlobalSection(ProjectConfigurationPlatforms) = postSolution
		{82E78A2C-5867-400D-BAD1-58FC544B89DA}.Debug|x64.ActiveCfg = Debug|x64
		{82E78A2C-5867-400D-BAD1-58FC544B89DA}.Debug|x64.Build.0 = Debug|x64
		{82E78A2C-5867-400D-BAD1-58FC544B89DA}.Debug|x86.ActiveCfg = Debug|Win32
		{82E78A2C-5867-400D-BAD1-58FC544B89DA}.Debug|x86.Build.0 = Debug|Win32
		{82E78A2C-5867-400D-BAD1-58FC544B89DA}.Release|x64.ActiveCfg = Release|x64
		{82E78A2C-5867-400D-BAD1-58FC544B89DA}.Release|x64.Build.0 = Release|x64
		{82E78A2C-5867-400D-BAD1-58FC544B89DA}.Release|x86.ActiveCfg = Release|Win32
		{82E78A2C-5867-400D-BAD1-58FC544B89DA}.Release|x86.Build.0 = Release|Win32
		{82E78A2C-5867-400D-BAD1-58FC544B89DA}.Static Library|x64.ActiveCfg = Release|x64
		{82E78A2C-5867-400D-BAD1-58FC544B89DA}.Static Library|x64.Build.0 = Release|x64
		{82E78A2C-5867-400D-BAD1-58FC544B89DA}.Static Library|x86.ActiveCfg = Release|Win32
		{82E78A2C-5867-400D-BAD1-58FC544B89DA}.Static Library|x86.Build.0 = Release|Win32
		{3E60E91C-B7C9-4C4E-BA87-7E517FB48648}.Debug|x64.ActiveCfg = Debug|Win32
		{3E60E91C-B7C9-4C4E-BA87-7E517FB48648}.Debug|x64.Build.0 = Debug|Win32
		{3E60E91C-B7C9-4C4E-BA87-7E517FB48648}.Debug|x86.ActiveCfg = Debug|Win32
		{3E60E91C-B7C9-4C4E-BA87-7E517FB48648}.Debug|x86.Build.0 = Debug|Win32
		{3E60E91C-B7C9-4C4E-BA87-7E517FB48648}.Release|x64.ActiveCfg = Release|Win32
		{3E60E91C-B7C9-4C4E-BA87-7E517FB48648}.Release|x64.Build.0 = Release|Win32
		{3E60E91C-B7C9-4C4E-BA87-7E517FB48648}.Release|x86.ActiveCfg = Release|Win32
		{3E60E91C-B7C9-4C4E-BA87-7E517FB48648}.Release|x86.Build.0 = Release|Win32
		{3E60E91C-B7C9-4C4E-BA87-7E517FB48648}.Static Library|x64.ActiveCfg = Debug|x64
		{3E60E91C-B7C9-4C4E-BA87-7E517FB48648}.Static Library|x64.Build.0 = Debug|x64
		{3E60E91C-B7C9-4C4E-BA87-7E517FB48648}.Static Library|x86.ActiveCfg = Release|Win32
		{3E60E91C-B7C9-4C4E-BA87-7E517FB48648}.Static Library|x86.Build.0 = Release|Win32
		{9E4C0DAB-A22D-4432-A172-8D44FF3FE5BF}.Debug|x64.ActiveCfg = Debug|x64
		{9E4C0DAB-A22D-4432-A172-8D44FF3FE5BF}.Debug|x64.Build.0 = Debug|x64
		{9E4C0DAB-A22D-4432-A172-8D44FF3FE5BF}.Debug|x86.ActiveCfg = Debug|Win32
		{9E4C0DAB-A22D-4432-A172-8D44FF3FE5BF}.Debug|x86.Build.0 = Debug|Win32
		{9E4C0DAB-A22D-4432-A172-8D44FF3FE5BF}.Release|x64.ActiveCfg = Release|x64
		{9E4C0DAB-A22D-4432-A172-8D44FF3FE5BF}.Release|x64.Build.0 = Release|x64
		{9E4C0DAB-A22D-4432-A172-8D44FF3FE5BF}.Release|x86.ActiveCfg = Release|Win32
		{9E4C0DAB-A22D-4432-A172-8D44FF3FE5BF}.Release|x86.Build.0 = Release|Win32
		{9E4C0DAB-A22D-4432-A172-8D44FF3FE5BF}.Static Library|x64.ActiveCfg = Release|x64
		{9E4C0DAB-A22D-4432-A172-8D44FF3FE5BF}.Static Library|x64.Build.0 = Release|x64
		{9E4C0DAB-A22D-4432-A172-8D44FF3FE5BF}.Static Library|x86.ActiveCfg = Release|Win32
		{9E4C0DAB-A22D-4432-A172-8D44FF3FE5BF}.Static Library|x86.Build.0 = Release|Win32
		{9C104412-067E-4D84-983B-8B93862ADEB1}.Debug|x64.ActiveCfg = Debug|x64
		{9C104412-067E-4D84-983B-8B93862ADEB1}.Debug|x64.Build.0 = Debug|x64
		{9C104412-067E-4D84-983B-8B93862ADEB1}.Debug|x86.ActiveCfg = Debug|Win32
		{9C104412-067E-4D84-983B-8B93862ADEB1}.Debug|x86.Build.0 = Debug|Win32
		{9C104412-067E-4D84-983B-8B93862ADEB1}.Release|x64.ActiveCfg = Release|x64
		{9C104412-067E-4D84-983B-8B93862ADEB1}.Release|x64.Build.0 = Release|x64
		{9C104412-067E-4D84-983B-8B93862ADEB1}.Release|x86.ActiveCfg = Release|Win32
		{9C104412-067E-4D84-983B-8B93862ADEB1}.Release|x86.Build.0 = Release|Win32
		{9C104412-067E-4D84-983B-8B93862ADEB1}.Static Library|x64.ActiveCfg = Release|x64
		{9C104412-067E-4D84-983B-8B93862ADEB1}.Static Library|x64.Build.0 = Release|x64
		{9C104412-067E-4D84-983B-8B93862ADEB1}.Static Library|x86.ActiveCfg = Release|Win32
		{9C104412-067E-4D84-983B-8B93862ADEB1}.Static Library|x86.Build.0 = Release|Win32
		{8FA57A97-C51C-4578-87BF-CFE30239AF80}.Debug|x64.ActiveCfg = Debug|Win32
		{8FA57A97-C51C-4578-87BF-CFE30239AF80}.Debug|x64.Build.0 = Debug|Win32
		{8FA57A97-C51C-4578-87BF-CFE30239AF80}.Debug|x86.ActiveCfg = Debug|Win32
		{8FA57A97-C51C-4578-87BF-CFE30239AF80}.Debug|x86.Build.0 = Debug|Win32
		{8FA57A97-C51C-4578-87BF-CFE30239AF80}.Release|x64.ActiveCfg = Release|Win32
		{8FA57A97-C51C-4578-87BF-CFE30239AF80}.Release|x64.Build.0 = Release|Win32
		{8FA57A97-C51C-4578-87BF-CFE30239AF80}.Release|x86.ActiveCfg = Release|Win32
		{8FA57A97-C51C-4578-87BF-CFE30239AF80}.Release|x86.Build.0 = Release|Win32
		{8FA57A97-C51C-4578-87BF-CFE30239AF80}.Static Library|x64.ActiveCfg = Debug|x64
		{8FA57A97-C51C-4578-87BF-CFE30239AF80}.Static Library|x64.Build.0 = Debug|x64
		{8FA57A97-C51C-4578-87BF-CFE30239AF80}.Static Library|x86.ActiveCfg = Release|Win32
		{8FA57A97-C51C-4578-87BF-CFE30239AF80}.Static Library|x86.Build.0 = Release|Win32
		{AF9C713C-B518-4D35-8F8A-FAB49487FFD2}.Debug|x64.ActiveCfg = Debug|x64
		{AF9C713C-B518-4D35-8F8A-FAB49487FFD2}.Debug|x64.Build.0 = Debug|x64
		{AF9C713C-B518-4D35-8F8A-FAB49487FFD2}.Debug|x86.ActiveCfg = Debug|Win32
		{AF9C713C-B518-4D35-8F8A-FAB49487FFD2}.Debug|x86.Build.0 = Debug|Win32
		{AF9C713C-B518-4D35-8F8A-FAB49487FFD2}.Release|x64.ActiveCfg = Release|x64
		{AF9C713C-B518-4D35-8F8A-FAB49487FFD2}.Release|x64.Build.0 = Release|x64
		{AF9C713C-B518-4D35-8F8A-FAB49487FFD2}.Release|x86.ActiveCfg = Release|Win32
		{AF9C713C-B518-4D35-8F8A-FAB49487FFD2}.Release|x86.Build.0 = Release|Win32
		{AF9C713C-B518-4D35-8F8A-FAB49487FFD2}.Static Library|x64.ActiveCfg = Release|x64
		{AF9C713C-B518-4D35-8F8A-FAB49487FFD2}.Static Library|x64.Build.0 = Release|x64
		{AF9C713C-B518-4D35-8F8A-FAB49487FFD2}.Static Library|x86.ActiveCfg = Release|Win32
		{AF9C713C-B518-4D35-8F8A-FAB49487FFD2}.Static Library|x86.Build.0 = Release|Win32
		{B1593748-4575-464C-B0F0-ABE00F0884E7}.Debug|x64.ActiveCfg = Debug|x64
		{B1593748-4575-464C-B0F0-ABE00F0884E7}.Debug|x64.Build.0 = Debug|x64
		{B1593748-4575-464C-B0F0-ABE00F0884E7}.Debug|x86.ActiveCfg = Debug|Win32
		{B1593748-4575-464C-B0F0-ABE00F0884E7}.Debug|x86.Build.0 = Debug|Win32
		{B1593748-4575-464C-B0F0-ABE00F0884E7}.Release|x64.ActiveCfg = Release|x64
		{B1593748-4575-464C-B0F0-ABE00F0884E7}.Release|x64.Build.0 = Release|x64
		{B1593748-4575-464C-B0F0-ABE00F0884E7}.Release|x86.ActiveCfg = Release|Win32
		{B1593748-4575-464C-B0F0-ABE00F0884E7}.Release|x86.Build.0 = Release|Win32
		{B1593748-4575-464C-B0F0-ABE00F0884E7}.Static Library|x64.ActiveCfg = Release|x64
		{B1593748-4575-464C-B0F0-ABE00F0884E7}.Static Library|x64.Build.0 = Release|x64
		{B1593748-4575-464C-B0F0-ABE00F0884E7}.Static Library|x86.ActiveCfg = Release|Win32
		{B1593748-4575-464C-B0F0-ABE00F0884E7}.Static Library|x86.Build.0 = Release|Win32
		{C894AC16-8C2E-4F9C-98CD-B2E59B629E91}.Debug|x64.ActiveCfg = Debug|x64
		{C894AC16-8C2E-4F9C-98CD-B2E59B629E91}.Debug|x64.Build.0 = Debug|x64
		{C894AC16-8C2E-4F9C-98CD-B2E59B629E91}.Debug|x86.ActiveCfg = Debug|Win32
		{C894AC16-8C2E-4F9C-98CD-B2E59B629E91}.Debug|x86.Build.0 = Debug|Win32
		{C894AC16-8C2E-4F9C-98CD-B2E59B629E91}.Release|x64.ActiveCfg = Release|x64
		{C894AC16-8C2E-4F9C-98CD-B2E59B629E91}.Release|x64.Build.0 = Release|x64
		{C894AC16-8C2E-4F9C-98CD-B2E59B629E91}.Release|x86.ActiveCfg = Release|Win32
		{C894AC16-8C2E-4F9C-98CD-B2E59B629E91}.Release|x86.Build.0 = Release|Win32
		{C894AC16-8C2E-4F9C-98CD-B2E59B629E91}.Static Library|x64.ActiveCfg = Release|x64
		{C894AC16-8C2E-4F9C-98CD-B2E59B629E91}.Static Library|x64.Build.0 = Release|x64
		{C894AC16-8C2E-4F9C-98CD-B2E59B629E91}.Static Library|x86.ActiveCfg = Release|Win32
		{C894AC16-8C2E-4F9C-98CD-B2E59B629E91}.Static Library|x86.Build.0 = Release|Win32
		{DFF90750-9263-45E5-92EF-8D862550B4DF}.Debug|x64.ActiveCfg = Debug|x64
		{DFF90750-9263-45E5-92EF-8D862550B4DF}.Debug|x64.Build.0 = Debug|x64
		{DFF90750-9263-45E5-92EF-8D862550B4DF}.Debug|x86.ActiveCfg = Debug|Win32
		{DFF90750-9263-45E5-92EF-8D862550B4DF}.Debug|x86.Build.0 = Debug|Win32
		{DFF90750-9263-45E5-92EF-8D862550B4DF}.Release|x64.ActiveCfg = Release|x64
		{DFF90750-9263-45E5-92EF-8D862550B4DF}.Release|x64.Build.0 = Release|x64
		{DFF90750-9263-45E5-92EF-8D862550B4DF}.Release|x86.ActiveCfg = Release|Win32
		{DFF90750-9263-45E5-92EF-8D862550B4DF}.Release|x86.Build.0 = Release|Win32
		{DFF90750-9263-45E5-92EF-8D862550B4DF}.Static Library|x64.ActiveCfg = Release|x64
		{DFF90750-9263-45E5-92EF-8D862550B4DF}.Static Library|x64.Build.0 = Release|x64
		{DFF90750-9263-45E5-92EF-8D862550B4DF}.Static Library|x86.ActiveCfg = Release|Win32
		{DFF90750-9263-45E5-92EF-8D862550B4DF}.Static Library|x86.Build.0 = Release|Win32
		{B4FA94CD-4FEC-416A-B786-5A38008FA994}.Debug|x64.ActiveCfg = Debug|x64
		{B4FA94CD-4FEC-416A-B786-5A38008FA994}.Debug|x64.Build.0 = Debug|x64
		{B4FA94CD-4FEC-416A-B786-5A38008FA994}.Debug|x86.ActiveCfg = Debug|Win32
		{B4FA94CD-4FEC-416A-B786-5A38008FA994}.Debug|x86.Build.0 = Debug|Win32
		{B4FA94CD-4FEC-416A-B786-5A38008FA994}.Release|x64.ActiveCfg = Release|x64
		{B4FA94CD-4FEC-416A-B786-5A38008FA994}.Release|x64.Build.0 = Release|x64
		{B4FA94CD-4FEC-416A-B786-5A38008FA994}.Release|x86.ActiveCfg = Release|Win32
		{B4FA94CD-4FEC-416A-B786-5A38008FA994}.Release|x86.Build.0 = Release|Win32
		{B4FA94CD-4FEC-416A-B786-5A38008FA994}.Static Library|x64.ActiveCfg = Release|x64
		{B4FA94CD-4FEC-416A-B786-5A38008FA994}.Static Library|x64.Build.0 = Release|x64
		{B4FA94CD-4FEC-416A-B786-5A38008FA994}.Static Library|x86.ActiveCfg = Release|Win32
		{B4FA94CD-4FEC-416A-B786-5A38008FA994}.Static Library|x86.Build.0 = Release|Win32
		{54317EE2-DF1F-4724-8A56-A1C838AC2DAF}.Debug|x64.ActiveCfg = Debug|x64
		{54317EE2-DF1F-4724-8A56-A1C838AC2DAF}.Debug|x64.Build.0 = Debug|x64
		{54317EE2-DF1F-4724-8A56-A1C838AC2DAF}.Debug|x86.ActiveCfg = Debug|Win32
		{54317EE2-DF1F-4724-8A56-A1C838AC2DAF}.Debug|x86.Build.0 = Debug|Win32
		{54317EE2-DF1F-4724-8A56-A1C838AC2DAF}.Release|x64.ActiveCfg = Release|x64
		{54317EE2-DF1F-4724-8A56-A1C838AC2DAF}.Release|x64.Build.0 = Release|x64
		{54317EE2-DF1F-4724-8A56-A1C838AC2DAF}.Release|x86.ActiveCfg = Release|Win32
		{54317EE2-DF1F-4724-8A56-A1C838AC2DAF}.Release|x86.Build.0 = Release|Win32
		{54317EE2-DF1F-4724-8A56-A1C838AC2DAF}.Static Library|x64.ActiveCfg = Release|x64
		{54317EE2-DF1F-4724-8A56-A1C838AC2DAF}.Static Library|x64.Build.0 = Release|x64
		{54317EE2-DF1F-4724-8A56-A1C838AC2DAF}.Static Library|x86.ActiveCfg = Release|Win32
		{54317EE2-DF1F-4724-8A56-A1C838AC2DAF}.Static Library|x86.Build.0 = Release|Win32
		{D1379A7D-1555-4AEF-A3FF-03C7008887F8}.Debug|x64.ActiveCfg = Debug|x64
		{D1379A7D-1555-4AEF-A3FF-03C7008887F8}.Debug|x64.Build.0 = Debug|x64
		{D1379A7D-1555-4AEF-A3FF-03C7008887F8}.Debug|x86.ActiveCfg = Debug|Win32
		{D1379A7D-1555-4AEF-A3FF-03C7008887F8}.Debug|x86.Build.0 = Debug|Win32
		{D1379A7D-1555-4AEF-A3FF-03C7008887F8}.Release|x64.ActiveCfg = Release|x64
		{D1379A7D-1555-4AEF-A3FF-03C7008887F8}.Release|x64.Build.0 = Release|x64
		{D1379A7D-1555-4AEF-A3FF-03C7008887F8}.Release|x86.ActiveCfg = Release|Win32
		{D1379A7D-1555-4AEF-A3FF-03C7008887F8}.Release|x86.Build.0 = Release|Win32
		{D1379A7D-1555-4AEF-A3FF-03C7008887F8}.Static Library|x64.ActiveCfg = Release|x64
		{D1379A7D-1555-4AEF-A3FF-03C7008887F8}.Static Library|x64.Build.0 = Release|x64
		{D1379A7D-1555-4AEF-A3FF-03C7008887F8}.Static Library|x86.ActiveCfg = Release|Win32
		{D1379A7D-1555-4AEF-A3FF-03C7008887F8}.Static Library|x86.Build.0 = Release|Win32
		{6EA68937-23E8-4B3C-9FBC-78EAF38ED665}.Debug|x64.ActiveCfg = Debug|Win32
		{6EA68937-23E8-4B3C-9FBC-78EAF38ED665}.Debug|x64.Build.0 = Debug|Win32
		{6EA68937-23E8-4B3C-9FBC-78EAF38ED665}.Debug|x86.ActiveCfg = Debug|Win32
		{6EA68937-23E8-4B3C-9FBC-78EAF38ED665}.Debug|x86.Build.0 = Debug|Win32
		{6EA68937-23E8-4B3C-9FBC-78EAF38ED665}.Release|x64.ActiveCfg = Release|x64
		{6EA68937-23E8-4B3C-9FBC-78EAF38ED665}.Release|x64.Build.0 = Release|x64
		{6EA68937-23E8-4B3C-9FBC-78EAF38ED665}.Release|x86.ActiveCfg = Release|Win32
		{6EA68937-23E8-4B3C-9FBC-78EAF38ED665}.Release|x86.Build.0 = Release|Win32
		{6EA68937-23E8-4B3C-9FBC-78EAF38ED665}.Static Library|x64.ActiveCfg = Release|x64
		{6EA68937-23E8-4B3C-9FBC-78EAF38ED665}.Static Library|x64.Build.0 = Release|x64
		{6EA68937-23E8-4B3C-9FBC-78EAF38ED665}.Static Library|x86.ActiveCfg = Release|Win32
		{6EA68937-23E8-4B3C-9FBC-78EAF38ED665}.Static Library|x86.Build.0 = Release|Win32
		{1DF700CA-253B-406C-9B9D-52D6C2935B42}.Debug|x64.ActiveCfg = Debug|Win32
		{1DF700CA-253B-406C-9B9D-52D6C2935B42}.Debug|x64.Build.0 = Debug|Win32
		{1DF700CA-253B-406C-9B9D-52D6C2935B42}.Debug|x86.ActiveCfg = Debug|Win32
		{1DF700CA-253B-406C-9B9D-52D6C2935B42}.Debug|x86.Build.0 = Debug|Win32
		{1DF700CA-253B-406C-9B9D-52D6C2935B42}.Release|x64.ActiveCfg = Release|Win32
		{1DF700CA-253B-406C-9B9D-52D6C2935B42}.Release|x64.Build.0 = Release|Win32
		{1DF700CA-253B-406C-9B9D-52D6C2935B42}.Release|x86.ActiveCfg = Release|Win32
		{1DF700CA-253B-406C-9B9D-52D6C2935B42}.Release|x86.Build.0 = Release|Win32
		{1DF700CA-253B-406C-9B9D-52D6C2935B42}.Static Library|x64.ActiveCfg = Debug|Win32
		{1DF700CA-253B-406C-9B9D-52D6C2935B42}.Static Library|x64.Build.0 = Debug|Win32
		{1DF700CA-253B-406C-9B9D-52D6C2935B42}.Static Library|x86.ActiveCfg = Debug|Win32
		{1DF700CA-253B-406C-9B9D-52D6C2935B42}.Static Library|x86.Build.0 = Debug|Win32
		{9AD19308-7666-4545-9798-6A7EE1FB6284}.Debug|x64.ActiveCfg = Static Library|Win32
		{9AD19308-7666-4545-9798-6A7EE1FB6284}.Debug|x64.Build.0 = Static Library|Win32
		{9AD19308-7666-4545-9798-6A7EE1FB6284}.Debug|x86.ActiveCfg = Static Library|Win32
		{9AD19308-7666-4545-9798-6A7EE1FB6284}.Debug|x86.Build.0 = Static Library|Win32
		{9AD19308-7666-4545-9798-6A7EE1FB6284}.Release|x64.ActiveCfg = Static Library|Win32
		{9AD19308-7666-4545-9798-6A7EE1FB6284}.Release|x64.Build.0 = Static Library|Win32
		{9AD19308-7666-4545-9798-6A7EE1FB6284}.Release|x86.ActiveCfg = Static Library|Win32
		{9AD19308-7666-4545-9798-6A7EE1FB6284}.Release|x86.Build.0 = Static Library|Win32
		{9AD19308-7666-4545-9798-6A7EE1FB6284}.Static Library|x64.ActiveCfg = Static Library|Win32
		{9AD19308-7666-4545-9798-6A7EE1FB6284}.Static Library|x64.Build.0 = Static Library|Win32
		{9AD19308-7666-4545-9798-6A7EE1FB6284}.Static Library|x86.ActiveCfg = Static Library|Win32
		{9AD19308-7666-4545-9798-6A7EE1FB6284}.Static Library|x86.Build.0 = Static Library|Win32
		{C5DC1DCB-5CF4-4774-98E3-30BB44295CB8}.Debug|x64.ActiveCfg = Static Library|Win32
		{C5DC1DCB-5CF4-4774-98E3-30BB44295CB8}.Debug|x64.Build.0 = Static Library|Win32
		{C5DC1DCB-5CF4-4774-98E3-30BB44295CB8}.Debug|x86.ActiveCfg = Static Library|Win32
		{C5DC1DCB-5CF4-4774-98E3-30BB44295CB8}.Debug|x86.Build.0 = Static Library|Win32
		{C5DC1DCB-5CF4-4774-98E3-30BB44295CB8}.Release|x64.ActiveCfg = Static Library|Win32
		{C5DC1DCB-5CF4-4774-98E3-30BB44295CB8}.Release|x64.Build.0 = Static Library|Win32
		{C5DC1DCB-5CF4-4774-98E3-30BB44295CB8}.Release|x86.ActiveCfg = Static Library|Win32
		{C5DC1DCB-5CF4-4774-98E3-30BB44295CB8}.Release|x86.Build.0 = Static Library|Win32
		{C5DC1DCB-5CF4-4774-98E3-30BB44295CB8}.Static Library|x64.ActiveCfg = Static Library|Win32
		{C5DC1DCB-5CF4-4774-98E3-30BB44295CB8}.Static Library|x64.Build.0 = Static Library|Win32
		{C5DC1DCB-5CF4-4774-98E3-30BB44295CB8}.Static Library|x86.ActiveCfg = Static Library|Win32
		{C5DC1DCB-5CF4-4774-98E3-30BB44295CB8}.Static Library|x86.Build.0 = Static Library|Win32
		{CD4A3D97-A528-4C2E-93D6-FDB113A8EB8F}.Debug|x64.ActiveCfg = Debug|x64
		{CD4A3D97-A528-4C2E-93D6-FDB113A8EB8F}.Debug|x64.Build.0 = Debug|x64
		{CD4A3D97-A528-4C2E-93D6-FDB113A8EB8F}.Debug|x86.ActiveCfg = Debug|Win32
		{CD4A3D97-A528-4C2E-93D6-FDB113A8EB8F}.Debug|x86.Build.0 = Debug|Win32
		{CD4A3D97-A528-4C2E-93D6-FDB113A8EB8F}.Release|x64.ActiveCfg = Release|x64
		{CD4A3D97-A528-4C2E-93D6-FDB113A8EB8F}.Release|x64.Build.0 = Release|x64
		{CD4A3D97-A528-4C2E-93D6-FDB113A8EB8F}.Release|x86.ActiveCfg = Release|Win32
		{CD4A3D97-A528-4C2E-93D6-FDB113A8EB8F}.Release|x86.Build.0 = Release|Win32
		{CD4A3D97-A528-4C2E-93D6-FDB113A8EB8F}.Static Library|x64.ActiveCfg = Debug|x64
		{CD4A3D97-A528-4C2E-93D6-FDB113A8EB8F}.Static Library|x64.Build.0 = Debug|x64
		{CD4A3D97-A528-4C2E-93D6-FDB113A8EB8F}.Static Library|x86.ActiveCfg = Release|Win32
		{CD4A3D97-A528-4C2E-93D6-FDB113A8EB8F}.Static Library|x86.Build.0 = Release|Win32
		{09C0DF33-7D3E-4D84-8001-6E6565AB239E}.Debug|x64.ActiveCfg = Debug|Win32
		{09C0DF33-7D3E-4D84-8001-6E6565AB239E}.Debug|x64.Build.0 = Debug|Win32
		{09C0DF33-7D3E-4D84-8001-6E6565AB239E}.Debug|x86.ActiveCfg = Debug|Win32
		{09C0DF33-7D3E-4D84-8001-6E6565AB239E}.Debug|x86.Build.0 = Debug|Win32
		{09C0DF33-7D3E-4D84-8001-6E6565AB239E}.Release|x64.ActiveCfg = Release|Win32
		{09C0DF33-7D3E-4D84-8001-6E6565AB239E}.Release|x64.Build.0 = Release|Win32
		{09C0DF33-7D3E-4D84-8001-6E6565AB239E}.Release|x86.ActiveCfg = Release|Win32
		{09C0DF33-7D3E-4D84-8001-6E6565AB239E}.Release|x86.Build.0 = Release|Win32
		{09C0DF33-7D3E-4D84-8001-6E6565AB239E}.Static Library|x64.ActiveCfg = Debug|x64
		{09C0DF33-7D3E-4D84-8001-6E6565AB239E}.Static Library|x64.Build.0 = Debug|x64
		{09C0DF33-7D3E-4D84-8001-6E6565AB239E}.Static Library|x86.ActiveCfg = Debug|Win32
		{09C0DF33-7D3E-4D84-8001-6E6565AB239E}.Static Library|x86.Build.0 = Debug|Win32
	EndGlobalSection
	GlobalSection(SolutionProperties) = preSolution
		HideSolutionNode = FALSE
	EndGlobalSection
	GlobalSection(NestedProjects) = preSolution
		{82E78A2C-5867-400D-BAD1-58FC544B89DA} = {F6BC3E8C-DB09-4067-BE92-C016B228515B}
		{3E60E91C-B7C9-4C4E-BA87-7E517FB48648} = {DD405C06-CBAA-4C9B-9ECC-6CDF4C976E3E}
		{9E4C0DAB-A22D-4432-A172-8D44FF3FE5BF} = {50B23F93-1047-47F2-AF08-28DD8E84F8AE}
		{9C104412-067E-4D84-983B-8B93862ADEB1} = {50B23F93-1047-47F2-AF08-28DD8E84F8AE}
		{8FA57A97-C51C-4578-87BF-CFE30239AF80} = {DD405C06-CBAA-4C9B-9ECC-6CDF4C976E3E}
		{AF9C713C-B518-4D35-8F8A-FAB49487FFD2} = {F6BC3E8C-DB09-4067-BE92-C016B228515B}
		{B1593748-4575-464C-B0F0-ABE00F0884E7} = {F6BC3E8C-DB09-4067-BE92-C016B228515B}
		{C894AC16-8C2E-4F9C-98CD-B2E59B629E91} = {F6BC3E8C-DB09-4067-BE92-C016B228515B}
		{DFF90750-9263-45E5-92EF-8D862550B4DF} = {50B23F93-1047-47F2-AF08-28DD8E84F8AE}
		{B4FA94CD-4FEC-416A-B786-5A38008FA994} = {50B23F93-1047-47F2-AF08-28DD8E84F8AE}
		{54317EE2-DF1F-4724-8A56-A1C838AC2DAF} = {50B23F93-1047-47F2-AF08-28DD8E84F8AE}
		{D1379A7D-1555-4AEF-A3FF-03C7008887F8} = {50B23F93-1047-47F2-AF08-28DD8E84F8AE}
		{1DF700CA-253B-406C-9B9D-52D6C2935B42} = {8D3692F7-F593-4E3A-93D8-15CB371D5362}
		{8D3692F7-F593-4E3A-93D8-15CB371D5362} = {50B23F93-1047-47F2-AF08-28DD8E84F8AE}
		{9AD19308-7666-4545-9798-6A7EE1FB6284} = {8D3692F7-F593-4E3A-93D8-15CB371D5362}
		{C5DC1DCB-5CF4-4774-98E3-30BB44295CB8} = {8D3692F7-F593-4E3A-93D8-15CB371D5362}
		{CD4A3D97-A528-4C2E-93D6-FDB113A8EB8F} = {50B23F93-1047-47F2-AF08-28DD8E84F8AE}
		{09C0DF33-7D3E-4D84-8001-6E6565AB239E} = {4711E8C2-12E7-42AA-B421-C3CA98C92727}
	EndGlobalSection
	GlobalSection(ExtensibilityGlobals) = postSolution
		SolutionGuid = {686C1EA2-4CB1-49D2-A65F-E20957165651}
	EndGlobalSection
EndGlobal
